
Microsoft Visual Studio Solution File, Format Version 12.00
# Visual Studio Version 17
VisualStudioVersion = 17.3.32929.385
MinimumVisualStudioVersion = 10.0.40219.1
Project("{FAE04EC0-301F-11D3-BF4B-00C04F79EFBC}") = "CodeSb", "CodeSb.csproj", "{3C5B8439-D699-46F9-9BA2-02ABB8B131C1}"
EndProject
Global
	GlobalSection(SolutionConfigurationPlatforms) = preSolution
		Debug|Any CPU = Debug|Any CPU
		Release|Any CPU = Release|Any CPU
	EndGlobalSection
	GlobalSection(ProjectConfigurationPlatforms) = postSolution
		{3C5B8439-D699-46F9-9BA2-02ABB8B131C1}.Debug|Any CPU.ActiveCfg = Debug|Any CPU
		{3C5B8439-D699-46F9-9BA2-02ABB8B131C1}.Debug|Any CPU.Build.0 = Debug|Any CPU
		{3C5B8439-D699-46F9-9BA2-02ABB8B131C1}.Release|Any CPU.ActiveCfg = Release|Any CPU
		{3C5B8439-D699-46F9-9BA2-02ABB8B131C1}.Release|Any CPU.Build.0 = Release|Any CPU
	EndGlobalSection
	GlobalSection(SolutionProperties) = preSolution
		HideSolutionNode = FALSE
	EndGlobalSection
	GlobalSection(ExtensibilityGlobals) = postSolution
		SolutionGuid = {3C9D92D8-A9A3-4739-9F6C-E3F87692517A}
	EndGlobalSection
EndGlobal
