
Microsoft Visual Studio Solution File, Format Version 12.00
# Visual Studio Version 17
VisualStudioVersion = 17.3.32929.385
MinimumVisualStudioVersion = 10.0.40219.1
Project("{FAE04EC0-301F-11D3-BF4B-00C04F79EFBC}") = "Enum", "Enum.csproj", "{30D90AAB-4117-438D-AC55-9EB9E057620F}"
EndProject
Global
	GlobalSection(SolutionConfigurationPlatforms) = preSolution
		Debug|Any CPU = Debug|Any CPU
		Release|Any CPU = Release|Any CPU
	EndGlobalSection
	GlobalSection(ProjectConfigurationPlatforms) = postSolution
		{30D90AAB-4117-438D-AC55-9EB9E057620F}.Debug|Any CPU.ActiveCfg = Debug|Any CPU
		{30D90AAB-4117-438D-AC55-9EB9E057620F}.Debug|Any CPU.Build.0 = Debug|Any CPU
		{30D90AAB-4117-438D-AC55-9EB9E057620F}.Release|Any CPU.ActiveCfg = Release|Any CPU
		{30D90AAB-4117-438D-AC55-9EB9E057620F}.Release|Any CPU.Build.0 = Release|Any CPU
	EndGlobalSection
	GlobalSection(SolutionProperties) = preSolution
		HideSolutionNode = FALSE
	EndGlobalSection
	GlobalSection(ExtensibilityGlobals) = postSolution
		SolutionGuid = {E4895D4A-AF0D-46CD-8FD2-26912B45707F}
	EndGlobalSection
EndGlobal
